// !$*UTF8*$!
{
	archiveVersion = 1;
	classes = {
	};
	objectVersion = 46;
	objects = {

/* Begin PBXBuildFile section */
		58AB77F71B3AA0C600825AA8 /* AppDelegate.swift in Sources */ = {isa = PBXBuildFile; fileRef = 58AB77F61B3AA0C600825AA8 /* AppDelegate.swift */; };
		58AB77F91B3AA0C600825AA8 /* HomeCtrl.swift in Sources */ = {isa = PBXBuildFile; fileRef = 58AB77F81B3AA0C600825AA8 /* HomeCtrl.swift */; };
		58AB77FC1B3AA0C600825AA8 /* Main.storyboard in Resources */ = {isa = PBXBuildFile; fileRef = 58AB77FA1B3AA0C600825AA8 /* Main.storyboard */; };
		58AB77FF1B3AA0C600825AA8 /* corujaVirtual.xcdatamodeld in Sources */ = {isa = PBXBuildFile; fileRef = 58AB77FD1B3AA0C600825AA8 /* corujaVirtual.xcdatamodeld */; };
		58AB78011B3AA0C600825AA8 /* Assets.xcassets in Resources */ = {isa = PBXBuildFile; fileRef = 58AB78001B3AA0C600825AA8 /* Assets.xcassets */; };
		58AB78041B3AA0C600825AA8 /* LaunchScreen.storyboard in Resources */ = {isa = PBXBuildFile; fileRef = 58AB78021B3AA0C600825AA8 /* LaunchScreen.storyboard */; };
		58AB780F1B3AA0C700825AA8 /* corujaVirtualTests.swift in Sources */ = {isa = PBXBuildFile; fileRef = 58AB780E1B3AA0C700825AA8 /* corujaVirtualTests.swift */; };
		58AB781A1B3AA0C700825AA8 /* corujaVirtualUITests.swift in Sources */ = {isa = PBXBuildFile; fileRef = 58AB78191B3AA0C700825AA8 /* corujaVirtualUITests.swift */; };
		58E5B1421B3AAF23001E91FB /* player-control-bg.png in Resources */ = {isa = PBXBuildFile; fileRef = 58E5B1411B3AAF23001E91FB /* player-control-bg.png */; };
		58E5B1451B3AB1A7001E91FB /* player-control-progress-bg.png in Resources */ = {isa = PBXBuildFile; fileRef = 58E5B1441B3AB1A7001E91FB /* player-control-progress-bg.png */; };
		58E5B1471B3AB22F001E91FB /* player-control-progress-indicator.png in Resources */ = {isa = PBXBuildFile; fileRef = 58E5B1461B3AB22F001E91FB /* player-control-progress-indicator.png */; };
		58E5B14F1B3AFA68001E91FB /* player-control-stop.png in Resources */ = {isa = PBXBuildFile; fileRef = 58E5B14E1B3AFA68001E91FB /* player-control-stop.png */; };
		58E5B1521B3B2BA9001E91FB /* player-control-play.png in Resources */ = {isa = PBXBuildFile; fileRef = 58E5B1511B3B2BA9001E91FB /* player-control-play.png */; };
/* End PBXBuildFile section */

/* Begin PBXContainerItemProxy section */
		58AB780B1B3AA0C700825AA8 /* PBXContainerItemProxy */ = {
			isa = PBXContainerItemProxy;
			containerPortal = 58AB77EB1B3AA0C600825AA8 /* Project object */;
			proxyType = 1;
			remoteGlobalIDString = 58AB77F21B3AA0C600825AA8;
			remoteInfo = corujaVirtual;
		};
		58AB78161B3AA0C700825AA8 /* PBXContainerItemProxy */ = {
			isa = PBXContainerItemProxy;
			containerPortal = 58AB77EB1B3AA0C600825AA8 /* Project object */;
			proxyType = 1;
			remoteGlobalIDString = 58AB77F21B3AA0C600825AA8;
			remoteInfo = corujaVirtual;
		};
/* End PBXContainerItemProxy section */

/* Begin PBXFileReference section */
		58AB77F31B3AA0C600825AA8 /* corujaVirtual.app */ = {isa = PBXFileReference; explicitFileType = wrapper.application; includeInIndex = 0; path = corujaVirtual.app; sourceTree = BUILT_PRODUCTS_DIR; };
		58AB77F61B3AA0C600825AA8 /* AppDelegate.swift */ = {isa = PBXFileReference; lastKnownFileType = sourcecode.swift; path = AppDelegate.swift; sourceTree = "<group>"; };
		58AB77F81B3AA0C600825AA8 /* HomeCtrl.swift */ = {isa = PBXFileReference; lastKnownFileType = sourcecode.swift; path = HomeCtrl.swift; sourceTree = "<group>"; };
		58AB77FB1B3AA0C600825AA8 /* Base */ = {isa = PBXFileReference; lastKnownFileType = file.storyboard; name = Base; path = Base.lproj/Main.storyboard; sourceTree = "<group>"; };
		58AB77FE1B3AA0C600825AA8 /* corujaVirtual.xcdatamodel */ = {isa = PBXFileReference; lastKnownFileType = wrapper.xcdatamodel; path = corujaVirtual.xcdatamodel; sourceTree = "<group>"; };
		58AB78001B3AA0C600825AA8 /* Assets.xcassets */ = {isa = PBXFileReference; lastKnownFileType = folder.assetcatalog; path = Assets.xcassets; sourceTree = "<group>"; };
		58AB78031B3AA0C600825AA8 /* Base */ = {isa = PBXFileReference; lastKnownFileType = file.storyboard; name = Base; path = Base.lproj/LaunchScreen.storyboard; sourceTree = "<group>"; };
		58AB78051B3AA0C600825AA8 /* Info.plist */ = {isa = PBXFileReference; lastKnownFileType = text.plist.xml; path = Info.plist; sourceTree = "<group>"; };
		58AB780A1B3AA0C700825AA8 /* corujaVirtualTests.xctest */ = {isa = PBXFileReference; explicitFileType = wrapper.cfbundle; includeInIndex = 0; path = corujaVirtualTests.xctest; sourceTree = BUILT_PRODUCTS_DIR; };
		58AB780E1B3AA0C700825AA8 /* corujaVirtualTests.swift */ = {isa = PBXFileReference; lastKnownFileType = sourcecode.swift; path = corujaVirtualTests.swift; sourceTree = "<group>"; };
		58AB78101B3AA0C700825AA8 /* Info.plist */ = {isa = PBXFileReference; lastKnownFileType = text.plist.xml; path = Info.plist; sourceTree = "<group>"; };
		58AB78151B3AA0C700825AA8 /* corujaVirtualUITests.xctest */ = {isa = PBXFileReference; explicitFileType = wrapper.cfbundle; includeInIndex = 0; path = corujaVirtualUITests.xctest; sourceTree = BUILT_PRODUCTS_DIR; };
		58AB78191B3AA0C700825AA8 /* corujaVirtualUITests.swift */ = {isa = PBXFileReference; lastKnownFileType = sourcecode.swift; path = corujaVirtualUITests.swift; sourceTree = "<group>"; };
		58AB781B1B3AA0C700825AA8 /* Info.plist */ = {isa = PBXFileReference; lastKnownFileType = text.plist.xml; path = Info.plist; sourceTree = "<group>"; };
		58E5B1411B3AAF23001E91FB /* player-control-bg.png */ = {isa = PBXFileReference; lastKnownFileType = image.png; path = "player-control-bg.png"; sourceTree = "<group>"; };
		58E5B1441B3AB1A7001E91FB /* player-control-progress-bg.png */ = {isa = PBXFileReference; lastKnownFileType = image.png; path = "player-control-progress-bg.png"; sourceTree = "<group>"; };
		58E5B1461B3AB22F001E91FB /* player-control-progress-indicator.png */ = {isa = PBXFileReference; lastKnownFileType = image.png; path = "player-control-progress-indicator.png"; sourceTree = "<group>"; };
		58E5B14E1B3AFA68001E91FB /* player-control-stop.png */ = {isa = PBXFileReference; lastKnownFileType = image.png; path = "player-control-stop.png"; sourceTree = "<group>"; };
		58E5B1511B3B2BA9001E91FB /* player-control-play.png */ = {isa = PBXFileReference; lastKnownFileType = image.png; path = "player-control-play.png"; sourceTree = "<group>"; };
/* End PBXFileReference section */

/* Begin PBXFrameworksBuildPhase section */
		58AB77F01B3AA0C600825AA8 /* Frameworks */ = {
			isa = PBXFrameworksBuildPhase;
			buildActionMask = 2147483647;
			files = (
			);
			runOnlyForDeploymentPostprocessing = 0;
		};
		58AB78071B3AA0C700825AA8 /* Frameworks */ = {
			isa = PBXFrameworksBuildPhase;
			buildActionMask = 2147483647;
			files = (
			);
			runOnlyForDeploymentPostprocessing = 0;
		};
		58AB78121B3AA0C700825AA8 /* Frameworks */ = {
			isa = PBXFrameworksBuildPhase;
			buildActionMask = 2147483647;
			files = (
			);
			runOnlyForDeploymentPostprocessing = 0;
		};
/* End PBXFrameworksBuildPhase section */

/* Begin PBXGroup section */
		58AB77EA1B3AA0C600825AA8 = {
			isa = PBXGroup;
			children = (
				58AB77F51B3AA0C600825AA8 /* corujaVirtual */,
				58AB780D1B3AA0C700825AA8 /* corujaVirtualTests */,
				58AB78181B3AA0C700825AA8 /* corujaVirtualUITests */,
				58AB77F41B3AA0C600825AA8 /* Products */,
			);
			sourceTree = "<group>";
		};
		58AB77F41B3AA0C600825AA8 /* Products */ = {
			isa = PBXGroup;
			children = (
				58AB77F31B3AA0C600825AA8 /* corujaVirtual.app */,
				58AB780A1B3AA0C700825AA8 /* corujaVirtualTests.xctest */,
				58AB78151B3AA0C700825AA8 /* corujaVirtualUITests.xctest */,
			);
			name = Products;
			sourceTree = "<group>";
		};
		58AB77F51B3AA0C600825AA8 /* corujaVirtual */ = {
			isa = PBXGroup;
			children = (
				58AB78271B3AADFF00825AA8 /* assets */,
				58AB77F61B3AA0C600825AA8 /* AppDelegate.swift */,
				58AB77F81B3AA0C600825AA8 /* HomeCtrl.swift */,
				58AB77FA1B3AA0C600825AA8 /* Main.storyboard */,
				58AB78001B3AA0C600825AA8 /* Assets.xcassets */,
				58AB78021B3AA0C600825AA8 /* LaunchScreen.storyboard */,
				58AB78051B3AA0C600825AA8 /* Info.plist */,
				58AB77FD1B3AA0C600825AA8 /* corujaVirtual.xcdatamodeld */,
			);
			path = corujaVirtual;
			sourceTree = "<group>";
		};
		58AB780D1B3AA0C700825AA8 /* corujaVirtualTests */ = {
			isa = PBXGroup;
			children = (
				58AB780E1B3AA0C700825AA8 /* corujaVirtualTests.swift */,
				58AB78101B3AA0C700825AA8 /* Info.plist */,
			);
			path = corujaVirtualTests;
			sourceTree = "<group>";
		};
		58AB78181B3AA0C700825AA8 /* corujaVirtualUITests */ = {
			isa = PBXGroup;
			children = (
				58AB78191B3AA0C700825AA8 /* corujaVirtualUITests.swift */,
				58AB781B1B3AA0C700825AA8 /* Info.plist */,
			);
			path = corujaVirtualUITests;
			sourceTree = "<group>";
		};
		58AB78271B3AADFF00825AA8 /* assets */ = {
			isa = PBXGroup;
			children = (
				58AB78281B3AAE0900825AA8 /* images */,
			);
			name = assets;
			sourceTree = "<group>";
		};
		58AB78281B3AAE0900825AA8 /* images */ = {
			isa = PBXGroup;
			children = (
				58E5B1511B3B2BA9001E91FB /* player-control-play.png */,
				58E5B14E1B3AFA68001E91FB /* player-control-stop.png */,
				58E5B1461B3AB22F001E91FB /* player-control-progress-indicator.png */,
				58E5B1441B3AB1A7001E91FB /* player-control-progress-bg.png */,
				58E5B1411B3AAF23001E91FB /* player-control-bg.png */,
			);
			name = images;
			sourceTree = "<group>";
		};
/* End PBXGroup section */

/* Begin PBXNativeTarget section */
		58AB77F21B3AA0C600825AA8 /* corujaVirtual */ = {
			isa = PBXNativeTarget;
			buildConfigurationList = 58AB781E1B3AA0C700825AA8 /* Build configuration list for PBXNativeTarget "corujaVirtual" */;
			buildPhases = (
				58AB77EF1B3AA0C600825AA8 /* Sources */,
				58AB77F01B3AA0C600825AA8 /* Frameworks */,
				58AB77F11B3AA0C600825AA8 /* Resources */,
			);
			buildRules = (
			);
			dependencies = (
			);
			name = corujaVirtual;
			productName = corujaVirtual;
			productReference = 58AB77F31B3AA0C600825AA8 /* corujaVirtual.app */;
			productType = "com.apple.product-type.application";
		};
		58AB78091B3AA0C700825AA8 /* corujaVirtualTests */ = {
			isa = PBXNativeTarget;
			buildConfigurationList = 58AB78211B3AA0C700825AA8 /* Build configuration list for PBXNativeTarget "corujaVirtualTests" */;
			buildPhases = (
				58AB78061B3AA0C700825AA8 /* Sources */,
				58AB78071B3AA0C700825AA8 /* Frameworks */,
				58AB78081B3AA0C700825AA8 /* Resources */,
			);
			buildRules = (
			);
			dependencies = (
				58AB780C1B3AA0C700825AA8 /* PBXTargetDependency */,
			);
			name = corujaVirtualTests;
			productName = corujaVirtualTests;
			productReference = 58AB780A1B3AA0C700825AA8 /* corujaVirtualTests.xctest */;
			productType = "com.apple.product-type.bundle.unit-test";
		};
		58AB78141B3AA0C700825AA8 /* corujaVirtualUITests */ = {
			isa = PBXNativeTarget;
			buildConfigurationList = 58AB78241B3AA0C700825AA8 /* Build configuration list for PBXNativeTarget "corujaVirtualUITests" */;
			buildPhases = (
				58AB78111B3AA0C700825AA8 /* Sources */,
				58AB78121B3AA0C700825AA8 /* Frameworks */,
				58AB78131B3AA0C700825AA8 /* Resources */,
			);
			buildRules = (
			);
			dependencies = (
				58AB78171B3AA0C700825AA8 /* PBXTargetDependency */,
			);
			name = corujaVirtualUITests;
			productName = corujaVirtualUITests;
			productReference = 58AB78151B3AA0C700825AA8 /* corujaVirtualUITests.xctest */;
			productType = "com.apple.product-type.bundle.ui-testing";
		};
/* End PBXNativeTarget section */

/* Begin PBXProject section */
		58AB77EB1B3AA0C600825AA8 /* Project object */ = {
			isa = PBXProject;
			attributes = {
				LastUpgradeCheck = 0700;
				ORGANIZATIONNAME = "Coruja Virtual";
				TargetAttributes = {
					58AB77F21B3AA0C600825AA8 = {
						CreatedOnToolsVersion = 7.0;
					};
					58AB78091B3AA0C700825AA8 = {
						CreatedOnToolsVersion = 7.0;
						TestTargetID = 58AB77F21B3AA0C600825AA8;
					};
					58AB78141B3AA0C700825AA8 = {
						CreatedOnToolsVersion = 7.0;
						TestTargetID = 58AB77F21B3AA0C600825AA8;
					};
				};
			};
			buildConfigurationList = 58AB77EE1B3AA0C600825AA8 /* Build configuration list for PBXProject "corujaVirtual" */;
			compatibilityVersion = "Xcode 3.2";
			developmentRegion = English;
			hasScannedForEncodings = 0;
			knownRegions = (
				en,
				Base,
			);
			mainGroup = 58AB77EA1B3AA0C600825AA8;
			productRefGroup = 58AB77F41B3AA0C600825AA8 /* Products */;
			projectDirPath = "";
			projectRoot = "";
			targets = (
				58AB77F21B3AA0C600825AA8 /* corujaVirtual */,
				58AB78091B3AA0C700825AA8 /* corujaVirtualTests */,
				58AB78141B3AA0C700825AA8 /* corujaVirtualUITests */,
			);
		};
/* End PBXProject section */

/* Begin PBXResourcesBuildPhase section */
		58AB77F11B3AA0C600825AA8 /* Resources */ = {
			isa = PBXResourcesBuildPhase;
			buildActionMask = 2147483647;
			files = (
				58E5B1521B3B2BA9001E91FB /* player-control-play.png in Resources */,
				58AB78041B3AA0C600825AA8 /* LaunchScreen.storyboard in Resources */,
				58E5B14F1B3AFA68001E91FB /* player-control-stop.png in Resources */,
				58E5B1451B3AB1A7001E91FB /* player-control-progress-bg.png in Resources */,
				58E5B1421B3AAF23001E91FB /* player-control-bg.png in Resources */,
				58E5B1471B3AB22F001E91FB /* player-control-progress-indicator.png in Resources */,
				58AB78011B3AA0C600825AA8 /* Assets.xcassets in Resources */,
				58AB77FC1B3AA0C600825AA8 /* Main.storyboard in Resources */,
			);
			runOnlyForDeploymentPostprocessing = 0;
		};
		58AB78081B3AA0C700825AA8 /* Resources */ = {
			isa = PBXResourcesBuildPhase;
			buildActionMask = 2147483647;
			files = (
			);
			runOnlyForDeploymentPostprocessing = 0;
		};
		58AB78131B3AA0C700825AA8 /* Resources */ = {
			isa = PBXResourcesBuildPhase;
			buildActionMask = 2147483647;
			files = (
			);
			runOnlyForDeploymentPostprocessing = 0;
		};
/* End PBXResourcesBuildPhase section */

/* Begin PBXSourcesBuildPhase section */
		58AB77EF1B3AA0C600825AA8 /* Sources */ = {
			isa = PBXSourcesBuildPhase;
			buildActionMask = 2147483647;
			files = (
				58AB77FF1B3AA0C600825AA8 /* corujaVirtual.xcdatamodeld in Sources */,
				58AB77F91B3AA0C600825AA8 /* HomeCtrl.swift in Sources */,
				58AB77F71B3AA0C600825AA8 /* AppDelegate.swift in Sources */,
			);
			runOnlyForDeploymentPostprocessing = 0;
		};
		58AB78061B3AA0C700825AA8 /* Sources */ = {
			isa = PBXSourcesBuildPhase;
			buildActionMask = 2147483647;
			files = (
				58AB780F1B3AA0C700825AA8 /* corujaVirtualTests.swift in Sources */,
			);
			runOnlyForDeploymentPostprocessing = 0;
		};
		58AB78111B3AA0C700825AA8 /* Sources */ = {
			isa = PBXSourcesBuildPhase;
			buildActionMask = 2147483647;
			files = (
				58AB781A1B3AA0C700825AA8 /* corujaVirtualUITests.swift in Sources */,
			);
			runOnlyForDeploymentPostprocessing = 0;
		};
/* End PBXSourcesBuildPhase section */

/* Begin PBXTargetDependency section */
		58AB780C1B3AA0C700825AA8 /* PBXTargetDependency */ = {
			isa = PBXTargetDependency;
			target = 58AB77F21B3AA0C600825AA8 /* corujaVirtual */;
			targetProxy = 58AB780B1B3AA0C700825AA8 /* PBXContainerItemProxy */;
		};
		58AB78171B3AA0C700825AA8 /* PBXTargetDependency */ = {
			isa = PBXTargetDependency;
			target = 58AB77F21B3AA0C600825AA8 /* corujaVirtual */;
			targetProxy = 58AB78161B3AA0C700825AA8 /* PBXContainerItemProxy */;
		};
/* End PBXTargetDependency section */

/* Begin PBXVariantGroup section */
		58AB77FA1B3AA0C600825AA8 /* Main.storyboard */ = {
			isa = PBXVariantGroup;
			children = (
				58AB77FB1B3AA0C600825AA8 /* Base */,
			);
			name = Main.storyboard;
			sourceTree = "<group>";
		};
		58AB78021B3AA0C600825AA8 /* LaunchScreen.storyboard */ = {
			isa = PBXVariantGroup;
			children = (
				58AB78031B3AA0C600825AA8 /* Base */,
			);
			name = LaunchScreen.storyboard;
			sourceTree = "<group>";
		};
/* End PBXVariantGroup section */

/* Begin XCBuildConfiguration section */
		58AB781C1B3AA0C700825AA8 /* Debug */ = {
			isa = XCBuildConfiguration;
			buildSettings = {
				ALWAYS_SEARCH_USER_PATHS = NO;
				CLANG_CXX_LANGUAGE_STANDARD = "gnu++0x";
				CLANG_CXX_LIBRARY = "libc++";
				CLANG_ENABLE_MODULES = YES;
				CLANG_ENABLE_OBJC_ARC = YES;
				CLANG_WARN_BOOL_CONVERSION = YES;
				CLANG_WARN_CONSTANT_CONVERSION = YES;
				CLANG_WARN_DIRECT_OBJC_ISA_USAGE = YES_ERROR;
				CLANG_WARN_EMPTY_BODY = YES;
				CLANG_WARN_ENUM_CONVERSION = YES;
				CLANG_WARN_INT_CONVERSION = YES;
				CLANG_WARN_OBJC_ROOT_CLASS = YES_ERROR;
				CLANG_WARN_UNREACHABLE_CODE = YES;
				CLANG_WARN__DUPLICATE_METHOD_MATCH = YES;
				"CODE_SIGN_IDENTITY[sdk=iphoneos*]" = "iPhone Developer";
				COPY_PHASE_STRIP = NO;
				DEBUG_INFORMATION_FORMAT = dwarf;
				ENABLE_STRICT_OBJC_MSGSEND = YES;
				ENABLE_TESTABILITY = YES;
				GCC_C_LANGUAGE_STANDARD = gnu99;
				GCC_DYNAMIC_NO_PIC = NO;
				GCC_NO_COMMON_BLOCKS = YES;
				GCC_OPTIMIZATION_LEVEL = 0;
				GCC_PREPROCESSOR_DEFINITIONS = (
					"DEBUG=1",
					"$(inherited)",
				);
				GCC_WARN_64_TO_32_BIT_CONVERSION = YES;
				GCC_WARN_ABOUT_RETURN_TYPE = YES_ERROR;
				GCC_WARN_UNDECLARED_SELECTOR = YES;
				GCC_WARN_UNINITIALIZED_AUTOS = YES_AGGRESSIVE;
				GCC_WARN_UNUSED_FUNCTION = YES;
				GCC_WARN_UNUSED_VARIABLE = YES;
				IPHONEOS_DEPLOYMENT_TARGET = 9.0;
				MTL_ENABLE_DEBUG_INFO = YES;
				ONLY_ACTIVE_ARCH = YES;
				SDKROOT = iphoneos;
				SWIFT_OPTIMIZATION_LEVEL = "-Onone";
			};
			name = Debug;
		};
		58AB781D1B3AA0C700825AA8 /* Release */ = {
			isa = XCBuildConfiguration;
			buildSettings = {
				ALWAYS_SEARCH_USER_PATHS = NO;
				CLANG_CXX_LANGUAGE_STANDARD = "gnu++0x";
				CLANG_CXX_LIBRARY = "libc++";
				CLANG_ENABLE_MODULES = YES;
				CLANG_ENABLE_OBJC_ARC = YES;
				CLANG_WARN_BOOL_CONVERSION = YES;
				CLANG_WARN_CONSTANT_CONVERSION = YES;
				CLANG_WARN_DIRECT_OBJC_ISA_USAGE = YES_ERROR;
				CLANG_WARN_EMPTY_BODY = YES;
				CLANG_WARN_ENUM_CONVERSION = YES;
				CLANG_WARN_INT_CONVERSION = YES;
				CLANG_WARN_OBJC_ROOT_CLASS = YES_ERROR;
				CLANG_WARN_UNREACHABLE_CODE = YES;
				CLANG_WARN__DUPLICATE_METHOD_MATCH = YES;
				"CODE_SIGN_IDENTITY[sdk=iphoneos*]" = "iPhone Developer";
				COPY_PHASE_STRIP = NO;
				DEBUG_INFORMATION_FORMAT = "dwarf-with-dsym";
				ENABLE_NS_ASSERTIONS = NO;
				ENABLE_STRICT_OBJC_MSGSEND = YES;
				GCC_C_LANGUAGE_STANDARD = gnu99;
				GCC_NO_COMMON_BLOCKS = YES;
				GCC_WARN_64_TO_32_BIT_CONVERSION = YES;
				GCC_WARN_ABOUT_RETURN_TYPE = YES_ERROR;
				GCC_WARN_UNDECLARED_SELECTOR = YES;
				GCC_WARN_UNINITIALIZED_AUTOS = YES_AGGRESSIVE;
				GCC_WARN_UNUSED_FUNCTION = YES;
				GCC_WARN_UNUSED_VARIABLE = YES;
				IPHONEOS_DEPLOYMENT_TARGET = 9.0;
				MTL_ENABLE_DEBUG_INFO = NO;
				SDKROOT = iphoneos;
				VALIDATE_PRODUCT = YES;
			};
			name = Release;
		};
		58AB781F1B3AA0C700825AA8 /* Debug */ = {
			isa = XCBuildConfiguration;
			buildSettings = {
				ASSETCATALOG_COMPILER_APPICON_NAME = AppIcon;
				INFOPLIST_FILE = corujaVirtual/Info.plist;
				IPHONEOS_DEPLOYMENT_TARGET = 9.0;
				LD_RUNPATH_SEARCH_PATHS = "$(inherited) @executable_path/Frameworks";
				PRODUCT_BUNDLE_IDENTIFIER = com.corujavirtual.corujaVirtual;
				PRODUCT_NAME = "$(TARGET_NAME)";
			};
			name = Debug;
		};
		58AB78201B3AA0C700825AA8 /* Release */ = {
			isa = XCBuildConfiguration;
			buildSettings = {
				ASSETCATALOG_COMPILER_APPICON_NAME = AppIcon;
				INFOPLIST_FILE = corujaVirtual/Info.plist;
				IPHONEOS_DEPLOYMENT_TARGET = 9.0;
				LD_RUNPATH_SEARCH_PATHS = "$(inherited) @executable_path/Frameworks";
				PRODUCT_BUNDLE_IDENTIFIER = com.corujavirtual.corujaVirtual;
				PRODUCT_NAME = "$(TARGET_NAME)";
			};
			name = Release;
		};
		58AB78221B3AA0C700825AA8 /* Debug */ = {
			isa = XCBuildConfiguration;
			buildSettings = {
				BUNDLE_LOADER = "$(TEST_HOST)";
				INFOPLIST_FILE = corujaVirtualTests/Info.plist;
				LD_RUNPATH_SEARCH_PATHS = "$(inherited) @executable_path/Frameworks @loader_path/Frameworks";
				PRODUCT_BUNDLE_IDENTIFIER = com.corujavirtual.corujaVirtualTests;
				PRODUCT_NAME = "$(TARGET_NAME)";
				TEST_HOST = "$(BUILT_PRODUCTS_DIR)/corujaVirtual.app/corujaVirtual";
			};
			name = Debug;
		};
		58AB78231B3AA0C700825AA8 /* Release */ = {
			isa = XCBuildConfiguration;
			buildSettings = {
				BUNDLE_LOADER = "$(TEST_HOST)";
				INFOPLIST_FILE = corujaVirtualTests/Info.plist;
				LD_RUNPATH_SEARCH_PATHS = "$(inherited) @executable_path/Frameworks @loader_path/Frameworks";
				PRODUCT_BUNDLE_IDENTIFIER = com.corujavirtual.corujaVirtualTests;
				PRODUCT_NAME = "$(TARGET_NAME)";
				TEST_HOST = "$(BUILT_PRODUCTS_DIR)/corujaVirtual.app/corujaVirtual";
			};
			name = Release;
		};
		58AB78251B3AA0C700825AA8 /* Debug */ = {
			isa = XCBuildConfiguration;
			buildSettings = {
				INFOPLIST_FILE = corujaVirtualUITests/Info.plist;
				LD_RUNPATH_SEARCH_PATHS = "$(inherited) @executable_path/Frameworks @loader_path/Frameworks";
				PRODUCT_BUNDLE_IDENTIFIER = com.corujavirtual.corujaVirtualUITests;
				PRODUCT_NAME = "$(TARGET_NAME)";
				TEST_TARGET_NAME = corujaVirtual;
				USES_XCTRUNNER = YES;
			};
			name = Debug;
		};
		58AB78261B3AA0C700825AA8 /* Release */ = {
			isa = XCBuildConfiguration;
			buildSettings = {
				INFOPLIST_FILE = corujaVirtualUITests/Info.plist;
				LD_RUNPATH_SEARCH_PATHS = "$(inherited) @executable_path/Frameworks @loader_path/Frameworks";
				PRODUCT_BUNDLE_IDENTIFIER = com.corujavirtual.corujaVirtualUITests;
				PRODUCT_NAME = "$(TARGET_NAME)";
				TEST_TARGET_NAME = corujaVirtual;
				USES_XCTRUNNER = YES;
			};
			name = Release;
		};
/* End XCBuildConfiguration section */

/* Begin XCConfigurationList section */
		58AB77EE1B3AA0C600825AA8 /* Build configuration list for PBXProject "corujaVirtual" */ = {
			isa = XCConfigurationList;
			buildConfigurations = (
				58AB781C1B3AA0C700825AA8 /* Debug */,
				58AB781D1B3AA0C700825AA8 /* Release */,
			);
			defaultConfigurationIsVisible = 0;
			defaultConfigurationName = Release;
		};
		58AB781E1B3AA0C700825AA8 /* Build configuration list for PBXNativeTarget "corujaVirtual" */ = {
			isa = XCConfigurationList;
			buildConfigurations = (
				58AB781F1B3AA0C700825AA8 /* Debug */,
				58AB78201B3AA0C700825AA8 /* Release */,
			);
			defaultConfigurationIsVisible = 0;
			defaultConfigurationName = Release;
		};
		58AB78211B3AA0C700825AA8 /* Build configuration list for PBXNativeTarget "corujaVirtualTests" */ = {
			isa = XCConfigurationList;
			buildConfigurations = (
				58AB78221B3AA0C700825AA8 /* Debug */,
				58AB78231B3AA0C700825AA8 /* Release */,
			);
			defaultConfigurationIsVisible = 0;
			defaultConfigurationName = Release;
		};
		58AB78241B3AA0C700825AA8 /* Build configuration list for PBXNativeTarget "corujaVirtualUITests" */ = {
			isa = XCConfigurationList;
			buildConfigurations = (
				58AB78251B3AA0C700825AA8 /* Debug */,
				58AB78261B3AA0C700825AA8 /* Release */,
			);
			defaultConfigurationIsVisible = 0;
			defaultConfigurationName = Release;
		};
/* End XCConfigurationList section */

/* Begin XCVersionGroup section */
		58AB77FD1B3AA0C600825AA8 /* corujaVirtual.xcdatamodeld */ = {
			isa = XCVersionGroup;
			children = (
				58AB77FE1B3AA0C600825AA8 /* corujaVirtual.xcdatamodel */,
			);
			currentVersion = 58AB77FE1B3AA0C600825AA8 /* corujaVirtual.xcdatamodel */;
			path = corujaVirtual.xcdatamodeld;
			sourceTree = "<group>";
			versionGroupType = wrapper.xcdatamodel;
		};
/* End XCVersionGroup section */
	};
	rootObject = 58AB77EB1B3AA0C600825AA8 /* Project object */;
}
